// !$*UTF8*$!
{
	archiveVersion = 1;
	classes = {
	};
	objectVersion = 56;
	objects = {

/* Begin PBXBuildFile section */
		7A7508C7292C96D100136A0F /* AppDelegate.swift in Sources */ = {isa = PBXBuildFile; fileRef = 7A7508C6292C96D100136A0F /* AppDelegate.swift */; };
		7A7508C9292C96D100136A0F /* SceneDelegate.swift in Sources */ = {isa = PBXBuildFile; fileRef = 7A7508C8292C96D100136A0F /* SceneDelegate.swift */; };
		7A7508CB292C96D100136A0F /* ViewController.swift in Sources */ = {isa = PBXBuildFile; fileRef = 7A7508CA292C96D100136A0F /* ViewController.swift */; };
		7A7508CE292C96D100136A0F /* Main.storyboard in Resources */ = {isa = PBXBuildFile; fileRef = 7A7508CC292C96D100136A0F /* Main.storyboard */; };
		7A7508D0292C96D300136A0F /* Assets.xcassets in Resources */ = {isa = PBXBuildFile; fileRef = 7A7508CF292C96D300136A0F /* Assets.xcassets */; };
		7A7508D3292C96D300136A0F /* LaunchScreen.storyboard in Resources */ = {isa = PBXBuildFile; fileRef = 7A7508D1292C96D300136A0F /* LaunchScreen.storyboard */; };
		7A7508DB292C971E00136A0F /* NetworkManager.swift in Sources */ = {isa = PBXBuildFile; fileRef = 7A7508DA292C971E00136A0F /* NetworkManager.swift */; };
		7A7508DD292C983600136A0F /* AppReachablity.swift in Sources */ = {isa = PBXBuildFile; fileRef = 7A7508DC292C983600136A0F /* AppReachablity.swift */; };
		7A7508E0292C996500136A0F /* Observable.swift in Sources */ = {isa = PBXBuildFile; fileRef = 7A7508DF292C996500136A0F /* Observable.swift */; };
/* End PBXBuildFile section */

/* Begin PBXFileReference section */
		7A7508C3292C96D100136A0F /* NetworkCheck.app */ = {isa = PBXFileReference; explicitFileType = wrapper.application; includeInIndex = 0; path = NetworkCheck.app; sourceTree = BUILT_PRODUCTS_DIR; };
		7A7508C6292C96D100136A0F /* AppDelegate.swift */ = {isa = PBXFileReference; lastKnownFileType = sourcecode.swift; path = AppDelegate.swift; sourceTree = "<group>"; };
		7A7508C8292C96D100136A0F /* SceneDelegate.swift */ = {isa = PBXFileReference; lastKnownFileType = sourcecode.swift; path = SceneDelegate.swift; sourceTree = "<group>"; };
		7A7508CA292C96D100136A0F /* ViewController.swift */ = {isa = PBXFileReference; lastKnownFileType = sourcecode.swift; path = ViewController.swift; sourceTree = "<group>"; };
		7A7508CD292C96D100136A0F /* Base */ = {isa = PBXFileReference; lastKnownFileType = file.storyboard; name = Base; path = Base.lproj/Main.storyboard; sourceTree = "<group>"; };
		7A7508CF292C96D300136A0F /* Assets.xcassets */ = {isa = PBXFileReference; lastKnownFileType = folder.assetcatalog; path = Assets.xcassets; sourceTree = "<group>"; };
		7A7508D2292C96D300136A0F /* Base */ = {isa = PBXFileReference; lastKnownFileType = file.storyboard; name = Base; path = Base.lproj/LaunchScreen.storyboard; sourceTree = "<group>"; };
		7A7508D4292C96D300136A0F /* Info.plist */ = {isa = PBXFileReference; lastKnownFileType = text.plist.xml; path = Info.plist; sourceTree = "<group>"; };
		7A7508DA292C971E00136A0F /* NetworkManager.swift */ = {isa = PBXFileReference; fileEncoding = 4; lastKnownFileType = sourcecode.swift; path = NetworkManager.swift; sourceTree = "<group>"; };
		7A7508DC292C983600136A0F /* AppReachablity.swift */ = {isa = PBXFileReference; fileEncoding = 4; lastKnownFileType = sourcecode.swift; path = AppReachablity.swift; sourceTree = "<group>"; };
		7A7508DF292C996500136A0F /* Observable.swift */ = {isa = PBXFileReference; fileEncoding = 4; lastKnownFileType = sourcecode.swift; path = Observable.swift; sourceTree = "<group>"; };
/* End PBXFileReference section */

/* Begin PBXFrameworksBuildPhase section */
		7A7508C0292C96D100136A0F /* Frameworks */ = {
			isa = PBXFrameworksBuildPhase;
			buildActionMask = 2147483647;
			files = (
			);
			runOnlyForDeploymentPostprocessing = 0;
		};
/* End PBXFrameworksBuildPhase section */

/* Begin PBXGroup section */
		7A7508BA292C96D100136A0F = {
			isa = PBXGroup;
			children = (
				7A7508C5292C96D100136A0F /* NetworkCheck */,
				7A7508C4292C96D100136A0F /* Products */,
			);
			sourceTree = "<group>";
		};
		7A7508C4292C96D100136A0F /* Products */ = {
			isa = PBXGroup;
			children = (
				7A7508C3292C96D100136A0F /* NetworkCheck.app */,
			);
			name = Products;
			sourceTree = "<group>";
		};
		7A7508C5292C96D100136A0F /* NetworkCheck */ = {
			isa = PBXGroup;
			children = (
				7A7508DE292C98FF00136A0F /* NetworkManager */,
				7A7508C6292C96D100136A0F /* AppDelegate.swift */,
				7A7508C8292C96D100136A0F /* SceneDelegate.swift */,
				7A7508CA292C96D100136A0F /* ViewController.swift */,
				7A7508CC292C96D100136A0F /* Main.storyboard */,
				7A7508CF292C96D300136A0F /* Assets.xcassets */,
				7A7508D1292C96D300136A0F /* LaunchScreen.storyboard */,
				7A7508D4292C96D300136A0F /* Info.plist */,
			);
			path = NetworkCheck;
			sourceTree = "<group>";
		};
		7A7508DE292C98FF00136A0F /* NetworkManager */ = {
			isa = PBXGroup;
			children = (
				7A7508DF292C996500136A0F /* Observable.swift */,
				7A7508DC292C983600136A0F /* AppReachablity.swift */,
				7A7508DA292C971E00136A0F /* NetworkManager.swift */,
			);
			path = NetworkManager;
			sourceTree = "<group>";
		};
/* End PBXGroup section */

/* Begin PBXNativeTarget section */
		7A7508C2292C96D100136A0F /* NetworkCheck */ = {
			isa = PBXNativeTarget;
			buildConfigurationList = 7A7508D7292C96D300136A0F /* Build configuration list for PBXNativeTarget "NetworkCheck" */;
			buildPhases = (
				7A7508BF292C96D100136A0F /* Sources */,
				7A7508C0292C96D100136A0F /* Frameworks */,
				7A7508C1292C96D100136A0F /* Resources */,
			);
			buildRules = (
			);
			dependencies = (
			);
			name = NetworkCheck;
			productName = NetworkCheck;
			productReference = 7A7508C3292C96D100136A0F /* NetworkCheck.app */;
			productType = "com.apple.product-type.application";
		};
/* End PBXNativeTarget section */

/* Begin PBXProject section */
		7A7508BB292C96D100136A0F /* Project object */ = {
			isa = PBXProject;
			attributes = {
				BuildIndependentTargetsInParallel = 1;
				LastSwiftUpdateCheck = 1400;
				LastUpgradeCheck = 1400;
				TargetAttributes = {
					7A7508C2292C96D100136A0F = {
						CreatedOnToolsVersion = 14.0.1;
					};
				};
			};
			buildConfigurationList = 7A7508BE292C96D100136A0F /* Build configuration list for PBXProject "NetworkCheck" */;
			compatibilityVersion = "Xcode 14.0";
			developmentRegion = en;
			hasScannedForEncodings = 0;
			knownRegions = (
				en,
				Base,
			);
			mainGroup = 7A7508BA292C96D100136A0F;
			productRefGroup = 7A7508C4292C96D100136A0F /* Products */;
			projectDirPath = "";
			projectRoot = "";
			targets = (
				7A7508C2292C96D100136A0F /* NetworkCheck */,
			);
		};
/* End PBXProject section */

/* Begin PBXResourcesBuildPhase section */
		7A7508C1292C96D100136A0F /* Resources */ = {
			isa = PBXResourcesBuildPhase;
			buildActionMask = 2147483647;
			files = (
				7A7508D3292C96D300136A0F /* LaunchScreen.storyboard in Resources */,
				7A7508D0292C96D300136A0F /* Assets.xcassets in Resources */,
				7A7508CE292C96D100136A0F /* Main.storyboard in Resources */,
			);
			runOnlyForDeploymentPostprocessing = 0;
		};
/* End PBXResourcesBuildPhase section */

/* Begin PBXSourcesBuildPhase section */
		7A7508BF292C96D100136A0F /* Sources */ = {
			isa = PBXSourcesBuildPhase;
			buildActionMask = 2147483647;
			files = (
				7A7508DD292C983600136A0F /* AppReachablity.swift in Sources */,
				7A7508DB292C971E00136A0F /* NetworkManager.swift in Sources */,
				7A7508CB292C96D100136A0F /* ViewController.swift in Sources */,
				7A7508C7292C96D100136A0F /* AppDelegate.swift in Sources */,
				7A7508E0292C996500136A0F /* Observable.swift in Sources */,
				7A7508C9292C96D100136A0F /* SceneDelegate.swift in Sources */,
			);
			runOnlyForDeploymentPostprocessing = 0;
		};
/* End PBXSourcesBuildPhase section */

/* Begin PBXVariantGroup section */
		7A7508CC292C96D100136A0F /* Main.storyboard */ = {
			isa = PBXVariantGroup;
			children = (
				7A7508CD292C96D100136A0F /* Base */,
			);
			name = Main.storyboard;
			sourceTree = "<group>";
		};
		7A7508D1292C96D300136A0F /* LaunchScreen.storyboard */ = {
			isa = PBXVariantGroup;
			children = (
				7A7508D2292C96D300136A0F /* Base */,
			);
			name = LaunchScreen.storyboard;
			sourceTree = "<group>";
		};
/* End PBXVariantGroup section */

/* Begin XCBuildConfiguration section */
		7A7508D5292C96D300136A0F /* Debug */ = {
			isa = XCBuildConfiguration;
			buildSettings = {
				ALWAYS_SEARCH_USER_PATHS = NO;
				CLANG_ANALYZER_NONNULL = YES;
				CLANG_ANALYZER_NUMBER_OBJECT_CONVERSION = YES_AGGRESSIVE;
				CLANG_CXX_LANGUAGE_STANDARD = "gnu++20";
				CLANG_ENABLE_MODULES = YES;
				CLANG_ENABLE_OBJC_ARC = YES;
				CLANG_ENABLE_OBJC_WEAK = YES;
				CLANG_WARN_BLOCK_CAPTURE_AUTORELEASING = YES;
				CLANG_WARN_BOOL_CONVERSION = YES;
				CLANG_WARN_COMMA = YES;
				CLANG_WARN_CONSTANT_CONVERSION = YES;
				CLANG_WARN_DEPRECATED_OBJC_IMPLEMENTATIONS = YES;
				CLANG_WARN_DIRECT_OBJC_ISA_USAGE = YES_ERROR;
				CLANG_WARN_DOCUMENTATION_COMMENTS = YES;
				CLANG_WARN_EMPTY_BODY = YES;
				CLANG_WARN_ENUM_CONVERSION = YES;
				CLANG_WARN_INFINITE_RECURSION = YES;
				CLANG_WARN_INT_CONVERSION = YES;
				CLANG_WARN_NON_LITERAL_NULL_CONVERSION = YES;
				CLANG_WARN_OBJC_IMPLICIT_RETAIN_SELF = YES;
				CLANG_WARN_OBJC_LITERAL_CONVERSION = YES;
				CLANG_WARN_OBJC_ROOT_CLASS = YES_ERROR;
				CLANG_WARN_QUOTED_INCLUDE_IN_FRAMEWORK_HEADER = YES;
				CLANG_WARN_RANGE_LOOP_ANALYSIS = YES;
				CLANG_WARN_STRICT_PROTOTYPES = YES;
				CLANG_WARN_SUSPICIOUS_MOVE = YES;
				CLANG_WARN_UNGUARDED_AVAILABILITY = YES_AGGRESSIVE;
				CLANG_WARN_UNREACHABLE_CODE = YES;
				CLANG_WARN__DUPLICATE_METHOD_MATCH = YES;
				COPY_PHASE_STRIP = NO;
				DEBUG_INFORMATION_FORMAT = dwarf;
				ENABLE_STRICT_OBJC_MSGSEND = YES;
				ENABLE_TESTABILITY = YES;
				GCC_C_LANGUAGE_STANDARD = gnu11;
				GCC_DYNAMIC_NO_PIC = NO;
				GCC_NO_COMMON_BLOCKS = YES;
				GCC_OPTIMIZATION_LEVEL = 0;
				GCC_PREPROCESSOR_DEFINITIONS = (
					"DEBUG=1",
					"$(inherited)",
				);
				GCC_WARN_64_TO_32_BIT_CONVERSION = YES;
				GCC_WARN_ABOUT_RETURN_TYPE = YES_ERROR;
				GCC_WARN_UNDECLARED_SELECTOR = YES;
				GCC_WARN_UNINITIALIZED_AUTOS = YES_AGGRESSIVE;
				GCC_WARN_UNUSED_FUNCTION = YES;
				GCC_WARN_UNUSED_VARIABLE = YES;
				IPHONEOS_DEPLOYMENT_TARGET = 16.0;
				MTL_ENABLE_DEBUG_INFO = INCLUDE_SOURCE;
				MTL_FAST_MATH = YES;
				ONLY_ACTIVE_ARCH = YES;
				SDKROOT = iphoneos;
				SWIFT_ACTIVE_COMPILATION_CONDITIONS = DEBUG;
				SWIFT_OPTIMIZATION_LEVEL = "-Onone";
			};
			name = Debug;
		};
		7A7508D6292C96D300136A0F /* Release */ = {
			isa = XCBuildConfiguration;
			buildSettings = {
				ALWAYS_SEARCH_USER_PATHS = NO;
				CLANG_ANALYZER_NONNULL = YES;
				CLANG_ANALYZER_NUMBER_OBJECT_CONVERSION = YES_AGGRESSIVE;
				CLANG_CXX_LANGUAGE_STANDARD = "gnu++20";
				CLANG_ENABLE_MODULES = YES;
				CLANG_ENABLE_OBJC_ARC = YES;
				CLANG_ENABLE_OBJC_WEAK = YES;
				CLANG_WARN_BLOCK_CAPTURE_AUTORELEASING = YES;
				CLANG_WARN_BOOL_CONVERSION = YES;
				CLANG_WARN_COMMA = YES;
				CLANG_WARN_CONSTANT_CONVERSION = YES;
				CLANG_WARN_DEPRECATED_OBJC_IMPLEMENTATIONS = YES;
				CLANG_WARN_DIRECT_OBJC_ISA_USAGE = YES_ERROR;
				CLANG_WARN_DOCUMENTATION_COMMENTS = YES;
				CLANG_WARN_EMPTY_BODY = YES;
				CLANG_WARN_ENUM_CONVERSION = YES;
				CLANG_WARN_INFINITE_RECURSION = YES;
				CLANG_WARN_INT_CONVERSION = YES;
				CLANG_WARN_NON_LITERAL_NULL_CONVERSION = YES;
				CLANG_WARN_OBJC_IMPLICIT_RETAIN_SELF = YES;
				CLANG_WARN_OBJC_LITERAL_CONVERSION = YES;
				CLANG_WARN_OBJC_ROOT_CLASS = YES_ERROR;
				CLANG_WARN_QUOTED_INCLUDE_IN_FRAMEWORK_HEADER = YES;
				CLANG_WARN_RANGE_LOOP_ANALYSIS = YES;
				CLANG_WARN_STRICT_PROTOTYPES = YES;
				CLANG_WARN_SUSPICIOUS_MOVE = YES;
				CLANG_WARN_UNGUARDED_AVAILABILITY = YES_AGGRESSIVE;
				CLANG_WARN_UNREACHABLE_CODE = YES;
				CLANG_WARN__DUPLICATE_METHOD_MATCH = YES;
				COPY_PHASE_STRIP = NO;
				DEBUG_INFORMATION_FORMAT = "dwarf-with-dsym";
				ENABLE_NS_ASSERTIONS = NO;
				ENABLE_STRICT_OBJC_MSGSEND = YES;
				GCC_C_LANGUAGE_STANDARD = gnu11;
				GCC_NO_COMMON_BLOCKS = YES;
				GCC_WARN_64_TO_32_BIT_CONVERSION = YES;
				GCC_WARN_ABOUT_RETURN_TYPE = YES_ERROR;
				GCC_WARN_UNDECLARED_SELECTOR = YES;
				GCC_WARN_UNINITIALIZED_AUTOS = YES_AGGRESSIVE;
				GCC_WARN_UNUSED_FUNCTION = YES;
				GCC_WARN_UNUSED_VARIABLE = YES;
				IPHONEOS_DEPLOYMENT_TARGET = 16.0;
				MTL_ENABLE_DEBUG_INFO = NO;
				MTL_FAST_MATH = YES;
				SDKROOT = iphoneos;
				SWIFT_COMPILATION_MODE = wholemodule;
				SWIFT_OPTIMIZATION_LEVEL = "-O";
				VALIDATE_PRODUCT = YES;
			};
			name = Release;
		};
		7A7508D8292C96D300136A0F /* Debug */ = {
			isa = XCBuildConfiguration;
			buildSettings = {
				ASSETCATALOG_COMPILER_APPICON_NAME = AppIcon;
				ASSETCATALOG_COMPILER_GLOBAL_ACCENT_COLOR_NAME = AccentColor;
				CODE_SIGN_STYLE = Automatic;
				CURRENT_PROJECT_VERSION = 1;
				DEVELOPMENT_TEAM = BB2J2N75ZB;
				GENERATE_INFOPLIST_FILE = YES;
				INFOPLIST_FILE = NetworkCheck/Info.plist;
				INFOPLIST_KEY_UIApplicationSupportsIndirectInputEvents = YES;
				INFOPLIST_KEY_UILaunchStoryboardName = LaunchScreen;
				INFOPLIST_KEY_UIMainStoryboardFile = Main;
				INFOPLIST_KEY_UISupportedInterfaceOrientations_iPad = "UIInterfaceOrientationPortrait UIInterfaceOrientationPortraitUpsideDown UIInterfaceOrientationLandscapeLeft UIInterfaceOrientationLandscapeRight";
				INFOPLIST_KEY_UISupportedInterfaceOrientations_iPhone = "UIInterfaceOrientationPortrait UIInterfaceOrientationLandscapeLeft UIInterfaceOrientationLandscapeRight";
				IPHONEOS_DEPLOYMENT_TARGET = 13.0;
				LD_RUNPATH_SEARCH_PATHS = (
					"$(inherited)",
					"@executable_path/Frameworks",
				);
				MARKETING_VERSION = 1.0.0;
				PRODUCT_BUNDLE_IDENTIFIER = com.networkcheck.dev.NetworkCheck;
				PRODUCT_NAME = "$(TARGET_NAME)";
				SWIFT_EMIT_LOC_STRINGS = YES;
				SWIFT_VERSION = 5.0;
				TARGETED_DEVICE_FAMILY = "1,2";
			};
			name = Debug;
		};
		7A7508D9292C96D300136A0F /* Release */ = {
			isa = XCBuildConfiguration;
			buildSettings = {
				ASSETCATALOG_COMPILER_APPICON_NAME = AppIcon;
				ASSETCATALOG_COMPILER_GLOBAL_ACCENT_COLOR_NAME = AccentColor;
				CODE_SIGN_STYLE = Automatic;
				CURRENT_PROJECT_VERSION = 1;
				DEVELOPMENT_TEAM = BB2J2N75ZB;
				GENERATE_INFOPLIST_FILE = YES;
				INFOPLIST_FILE = NetworkCheck/Info.plist;
				INFOPLIST_KEY_UIApplicationSupportsIndirectInputEvents = YES;
				INFOPLIST_KEY_UILaunchStoryboardName = LaunchScreen;
				INFOPLIST_KEY_UIMainStoryboardFile = Main;
				INFOPLIST_KEY_UISupportedInterfaceOrientations_iPad = "UIInterfaceOrientationPortrait UIInterfaceOrientationPortraitUpsideDown UIInterfaceOrientationLandscapeLeft UIInterfaceOrientationLandscapeRight";
				INFOPLIST_KEY_UISupportedInterfaceOrientations_iPhone = "UIInterfaceOrientationPortrait UIInterfaceOrientationLandscapeLeft UIInterfaceOrientationLandscapeRight";
				IPHONEOS_DEPLOYMENT_TARGET = 13.0;
				LD_RUNPATH_SEARCH_PATHS = (
					"$(inherited)",
					"@executable_path/Frameworks",
				);
				MARKETING_VERSION = 1.0.0;
				PRODUCT_BUNDLE_IDENTIFIER = com.networkcheck.dev.NetworkCheck;
				PRODUCT_NAME = "$(TARGET_NAME)";
				SWIFT_EMIT_LOC_STRINGS = YES;
				SWIFT_VERSION = 5.0;
				TARGETED_DEVICE_FAMILY = "1,2";
			};
			name = Release;
		};
/* End XCBuildConfiguration section */

/* Begin XCConfigurationList section */
		7A7508BE292C96D100136A0F /* Build configuration list for PBXProject "NetworkCheck" */ = {
			isa = XCConfigurationList;
			buildConfigurations = (
				7A7508D5292C96D300136A0F /* Debug */,
				7A7508D6292C96D300136A0F /* Release */,
			);
			defaultConfigurationIsVisible = 0;
			defaultConfigurationName = Release;
		};
		7A7508D7292C96D300136A0F /* Build configuration list for PBXNativeTarget "NetworkCheck" */ = {
			isa = XCConfigurationList;
			buildConfigurations = (
				7A7508D8292C96D300136A0F /* Debug */,
				7A7508D9292C96D300136A0F /* Release */,
			);
			defaultConfigurationIsVisible = 0;
			defaultConfigurationName = Release;
		};
/* End XCConfigurationList section */
	};
	rootObject = 7A7508BB292C96D100136A0F /* Project object */;
}
